
Microsoft Visual Studio Solution File, Format Version 12.00
# Visual Studio Version 16
VisualStudioVersion = 16.0.30320.27
MinimumVisualStudioVersion = 10.0.40219.1
Project("{9A19103F-16F7-4668-BE54-9A1E7A4F7556}") = "AulaCoreDesktop.Data", "AulaCoreDesktop.Data\AulaCoreDesktop.Data.csproj", "{C8C19319-5840-4FFF-8992-96D7369C78C3}"
EndProject
Project("{9A19103F-16F7-4668-BE54-9A1E7A4F7556}") = "AulaCoreDesktop.TesteUnidade", "AulaCoreDesktop.TesteUnidade\AulaCoreDesktop.TesteUnidade.csproj", "{0AF29DAA-74F9-4EFF-9EF5-3947EAFE3476}"
EndProject
Project("{9A19103F-16F7-4668-BE54-9A1E7A4F7556}") = "AulaASPNETCore", "AulaASPNETCore\AulaASPNETCore.csproj", "{88E3AE12-9EC2-4B0A-BB40-00375057A8F7}"
EndProject
Project("{FAE04EC0-301F-11D3-BF4B-00C04F79EFBC}") = "WebRazor", "WebRazor\WebRazor.csproj", "{089E5128-CAEF-44A3-BDC5-EA60F7D64E2F}"
EndProject
Global
	GlobalSection(SolutionConfigurationPlatforms) = preSolution
		Debug|Any CPU = Debug|Any CPU
		Release|Any CPU = Release|Any CPU
	EndGlobalSection
	GlobalSection(ProjectConfigurationPlatforms) = postSolution
		{C8C19319-5840-4FFF-8992-96D7369C78C3}.Debug|Any CPU.ActiveCfg = Debug|Any CPU
		{C8C19319-5840-4FFF-8992-96D7369C78C3}.Debug|Any CPU.Build.0 = Debug|Any CPU
		{C8C19319-5840-4FFF-8992-96D7369C78C3}.Release|Any CPU.ActiveCfg = Release|Any CPU
		{C8C19319-5840-4FFF-8992-96D7369C78C3}.Release|Any CPU.Build.0 = Release|Any CPU
		{0AF29DAA-74F9-4EFF-9EF5-3947EAFE3476}.Debug|Any CPU.ActiveCfg = Debug|Any CPU
		{0AF29DAA-74F9-4EFF-9EF5-3947EAFE3476}.Debug|Any CPU.Build.0 = Debug|Any CPU
		{0AF29DAA-74F9-4EFF-9EF5-3947EAFE3476}.Release|Any CPU.ActiveCfg = Release|Any CPU
		{0AF29DAA-74F9-4EFF-9EF5-3947EAFE3476}.Release|Any CPU.Build.0 = Release|Any CPU
		{88E3AE12-9EC2-4B0A-BB40-00375057A8F7}.Debug|Any CPU.ActiveCfg = Debug|Any CPU
		{88E3AE12-9EC2-4B0A-BB40-00375057A8F7}.Debug|Any CPU.Build.0 = Debug|Any CPU
		{88E3AE12-9EC2-4B0A-BB40-00375057A8F7}.Release|Any CPU.ActiveCfg = Release|Any CPU
		{88E3AE12-9EC2-4B0A-BB40-00375057A8F7}.Release|Any CPU.Build.0 = Release|Any CPU
		{089E5128-CAEF-44A3-BDC5-EA60F7D64E2F}.Debug|Any CPU.ActiveCfg = Debug|Any CPU
		{089E5128-CAEF-44A3-BDC5-EA60F7D64E2F}.Debug|Any CPU.Build.0 = Debug|Any CPU
		{089E5128-CAEF-44A3-BDC5-EA60F7D64E2F}.Release|Any CPU.ActiveCfg = Release|Any CPU
		{089E5128-CAEF-44A3-BDC5-EA60F7D64E2F}.Release|Any CPU.Build.0 = Release|Any CPU
	EndGlobalSection
	GlobalSection(SolutionProperties) = preSolution
		HideSolutionNode = FALSE
	EndGlobalSection
	GlobalSection(ExtensibilityGlobals) = postSolution
		SolutionGuid = {F757512C-7A21-468D-A0AA-A101A58C3CA7}
	EndGlobalSection
EndGlobal
